
Microsoft Visual Studio Solution File, Format Version 12.00
# Visual Studio Version 17
VisualStudioVersion = 17.1.32210.238
MinimumVisualStudioVersion = 10.0.40219.1
Project("{FAE04EC0-301F-11D3-BF4B-00C04F79EFBC}") = "Play.Common", "Play.Common\Play.Common.csproj", "{A22F673A-DACF-43FF-8AED-98A4155A4825}"
EndProject
Global
	GlobalSection(SolutionConfigurationPlatforms) = preSolution
		Debug|Any CPU = Debug|Any CPU
		Release|Any CPU = Release|Any CPU
	EndGlobalSection
	GlobalSection(ProjectConfigurationPlatforms) = postSolution
		{A22F673A-DACF-43FF-8AED-98A4155A4825}.Debug|Any CPU.ActiveCfg = Debug|Any CPU
		{A22F673A-DACF-43FF-8AED-98A4155A4825}.Debug|Any CPU.Build.0 = Debug|Any CPU
		{A22F673A-DACF-43FF-8AED-98A4155A4825}.Release|Any CPU.ActiveCfg = Release|Any CPU
		{A22F673A-DACF-43FF-8AED-98A4155A4825}.Release|Any CPU.Build.0 = Release|Any CPU
	EndGlobalSection
	GlobalSection(SolutionProperties) = preSolution
		HideSolutionNode = FALSE
	EndGlobalSection
	GlobalSection(ExtensibilityGlobals) = postSolution
		SolutionGuid = {F0448FE7-B299-427C-A38F-07C4D437E580}
	EndGlobalSection
EndGlobal
