
Microsoft Visual Studio Solution File, Format Version 12.00
# Visual Studio Version 17
VisualStudioVersion = 17.1.32210.238
MinimumVisualStudioVersion = 10.0.40219.1
Project("{2150E333-8FDC-42A3-9474-1A3956D46DE8}") = "src", "src", "{D4747C98-DA07-46DD-AAD9-5620100A854A}"
EndProject
Project("{FAE04EC0-301F-11D3-BF4B-00C04F79EFBC}") = "Play.Inventory.Service", "Play.Inventory.Service\Play.Inventory.Service.csproj", "{0FD46F85-D8D6-4B51-8606-692DE0662590}"
EndProject
Global
	GlobalSection(SolutionConfigurationPlatforms) = preSolution
		Debug|Any CPU = Debug|Any CPU
		Release|Any CPU = Release|Any CPU
	EndGlobalSection
	GlobalSection(ProjectConfigurationPlatforms) = postSolution
		{0FD46F85-D8D6-4B51-8606-692DE0662590}.Debug|Any CPU.ActiveCfg = Debug|Any CPU
		{0FD46F85-D8D6-4B51-8606-692DE0662590}.Debug|Any CPU.Build.0 = Debug|Any CPU
		{0FD46F85-D8D6-4B51-8606-692DE0662590}.Release|Any CPU.ActiveCfg = Release|Any CPU
		{0FD46F85-D8D6-4B51-8606-692DE0662590}.Release|Any CPU.Build.0 = Release|Any CPU
	EndGlobalSection
	GlobalSection(SolutionProperties) = preSolution
		HideSolutionNode = FALSE
	EndGlobalSection
	GlobalSection(NestedProjects) = preSolution
		{0FD46F85-D8D6-4B51-8606-692DE0662590} = {D4747C98-DA07-46DD-AAD9-5620100A854A}
	EndGlobalSection
	GlobalSection(ExtensibilityGlobals) = postSolution
		SolutionGuid = {C840FCE7-3278-45E6-A149-505E5E6112D2}
	EndGlobalSection
EndGlobal
